
Microsoft Visual Studio Solution File, Format Version 12.00
# Visual Studio Version 17
VisualStudioVersion = 17.7.34221.43
MinimumVisualStudioVersion = 10.0.40219.1
Project("{8BC9CEB8-8B4A-11D0-8D11-00A0C91BC942}") = "Adjacency matrices", "Adjacency matrices\Adjacency matrices.vcxproj", "{BBC0CF4F-F73F-439A-837A-32909E158C1A}"
EndProject
Global
	GlobalSection(SolutionConfigurationPlatforms) = preSolution
		Debug|x64 = Debug|x64
		Debug|x86 = Debug|x86
		Release|x64 = Release|x64
		Release|x86 = Release|x86
	EndGlobalSection
	GlobalSection(ProjectConfigurationPlatforms) = postSolution
		{BBC0CF4F-F73F-439A-837A-32909E158C1A}.Debug|x64.ActiveCfg = Debug|x64
		{BBC0CF4F-F73F-439A-837A-32909E158C1A}.Debug|x64.Build.0 = Debug|x64
		{BBC0CF4F-F73F-439A-837A-32909E158C1A}.Debug|x86.ActiveCfg = Debug|Win32
		{BBC0CF4F-F73F-439A-837A-32909E158C1A}.Debug|x86.Build.0 = Debug|Win32
		{BBC0CF4F-F73F-439A-837A-32909E158C1A}.Release|x64.ActiveCfg = Release|x64
		{BBC0CF4F-F73F-439A-837A-32909E158C1A}.Release|x64.Build.0 = Release|x64
		{BBC0CF4F-F73F-439A-837A-32909E158C1A}.Release|x86.ActiveCfg = Release|Win32
		{BBC0CF4F-F73F-439A-837A-32909E158C1A}.Release|x86.Build.0 = Release|Win32
	EndGlobalSection
	GlobalSection(SolutionProperties) = preSolution
		HideSolutionNode = FALSE
	EndGlobalSection
	GlobalSection(ExtensibilityGlobals) = postSolution
		SolutionGuid = {237A79D6-4F6F-4715-AE05-B1C197385847}
	EndGlobalSection
EndGlobal
